
Microsoft Visual Studio Solution File, Format Version 12.00
# Visual Studio Version 16
VisualStudioVersion = 16.0.31729.503
MinimumVisualStudioVersion = 10.0.40219.1
Project("{FAE04EC0-301F-11D3-BF4B-00C04F79EFBC}") = "ShootingGallery", "ShootingGallery.csproj", "{DCB26AC0-02C3-4CC7-A6E2-C5B9E7114008}"
EndProject
Global
	GlobalSection(SolutionConfigurationPlatforms) = preSolution
		Debug|Any CPU = Debug|Any CPU
		Release|Any CPU = Release|Any CPU
	EndGlobalSection
	GlobalSection(ProjectConfigurationPlatforms) = postSolution
		{DCB26AC0-02C3-4CC7-A6E2-C5B9E7114008}.Debug|Any CPU.ActiveCfg = Debug|Any CPU
		{DCB26AC0-02C3-4CC7-A6E2-C5B9E7114008}.Debug|Any CPU.Build.0 = Debug|Any CPU
		{DCB26AC0-02C3-4CC7-A6E2-C5B9E7114008}.Release|Any CPU.ActiveCfg = Release|Any CPU
		{DCB26AC0-02C3-4CC7-A6E2-C5B9E7114008}.Release|Any CPU.Build.0 = Release|Any CPU
	EndGlobalSection
	GlobalSection(SolutionProperties) = preSolution
		HideSolutionNode = FALSE
	EndGlobalSection
	GlobalSection(ExtensibilityGlobals) = postSolution
		SolutionGuid = {6319E5BA-B630-40BB-A2BB-488ADCF0C840}
	EndGlobalSection
EndGlobal
